
Microsoft Visual Studio Solution File, Format Version 12.00
# Visual Studio Version 17
VisualStudioVersion = 17.9.34701.34
MinimumVisualStudioVersion = 10.0.40219.1
Project("{9A19103F-16F7-4668-BE54-9A1E7A4F7556}") = "GoldenGui.Hive.Functions", "src\GoldenGui.Hive.Functions\GoldenGui.Hive.Functions.csproj", "{577E2BEF-F13D-4589-BBEE-2184D7C196B8}"
EndProject
Project("{2150E333-8FDC-42A3-9474-1A3956D46DE8}") = "Sources", "Sources", "{C435B650-B370-4F63-9A21-009E1C8B6306}"
EndProject
Project("{2150E333-8FDC-42A3-9474-1A3956D46DE8}") = "Éléments de solution", "Éléments de solution", "{D9CE8A77-C2A0-489E-8592-EC4B43ADEBE5}"
	ProjectSection(SolutionItems) = preProject
		.gitattributes = .gitattributes
		.gitignore = .gitignore
		README.md = README.md
	EndProjectSection
EndProject
Global
	GlobalSection(SolutionConfigurationPlatforms) = preSolution
		Debug|Any CPU = Debug|Any CPU
		Release|Any CPU = Release|Any CPU
	EndGlobalSection
	GlobalSection(ProjectConfigurationPlatforms) = postSolution
		{577E2BEF-F13D-4589-BBEE-2184D7C196B8}.Debug|Any CPU.ActiveCfg = Debug|Any CPU
		{577E2BEF-F13D-4589-BBEE-2184D7C196B8}.Debug|Any CPU.Build.0 = Debug|Any CPU
		{577E2BEF-F13D-4589-BBEE-2184D7C196B8}.Release|Any CPU.ActiveCfg = Release|Any CPU
		{577E2BEF-F13D-4589-BBEE-2184D7C196B8}.Release|Any CPU.Build.0 = Release|Any CPU
	EndGlobalSection
	GlobalSection(SolutionProperties) = preSolution
		HideSolutionNode = FALSE
	EndGlobalSection
	GlobalSection(NestedProjects) = preSolution
		{577E2BEF-F13D-4589-BBEE-2184D7C196B8} = {C435B650-B370-4F63-9A21-009E1C8B6306}
	EndGlobalSection
	GlobalSection(ExtensibilityGlobals) = postSolution
		SolutionGuid = {469560FD-A18F-4931-8BA8-37A1D06EBB98}
	EndGlobalSection
EndGlobal
